
Microsoft Visual Studio Solution File, Format Version 12.00
# Visual Studio Version 17
VisualStudioVersion = 17.9.34902.65
MinimumVisualStudioVersion = 10.0.40219.1
Project("{FAE04EC0-301F-11D3-BF4B-00C04F79EFBC}") = "GameLibraryDA", "GameLibrary\GameLibraryDA.csproj", "{3171A645-FD7A-4E09-8F80-D443B69FC566}"
EndProject
Global
	GlobalSection(SolutionConfigurationPlatforms) = preSolution
		Debug|Any CPU = Debug|Any CPU
		Release|Any CPU = Release|Any CPU
	EndGlobalSection
	GlobalSection(ProjectConfigurationPlatforms) = postSolution
		{3171A645-FD7A-4E09-8F80-D443B69FC566}.Debug|Any CPU.ActiveCfg = Debug|Any CPU
		{3171A645-FD7A-4E09-8F80-D443B69FC566}.Debug|Any CPU.Build.0 = Debug|Any CPU
		{3171A645-FD7A-4E09-8F80-D443B69FC566}.Release|Any CPU.ActiveCfg = Release|Any CPU
		{3171A645-FD7A-4E09-8F80-D443B69FC566}.Release|Any CPU.Build.0 = Release|Any CPU
	EndGlobalSection
	GlobalSection(SolutionProperties) = preSolution
		HideSolutionNode = FALSE
	EndGlobalSection
	GlobalSection(ExtensibilityGlobals) = postSolution
		SolutionGuid = {57EEB480-304B-4281-9A0B-789337A18A7D}
	EndGlobalSection
EndGlobal
